// !$*UTF8*$!
{
	archiveVersion = 1;
	classes = {
	};
	objectVersion = 46;
	objects = {

/* Begin PBXBuildFile section */
		E88C6A531C6813FB0018B1BE /* AppDelegate.swift in Sources */ = {isa = PBXBuildFile; fileRef = E88C6A521C6813FB0018B1BE /* AppDelegate.swift */; };
		E88C6A551C6813FB0018B1BE /* ViewController.swift in Sources */ = {isa = PBXBuildFile; fileRef = E88C6A541C6813FB0018B1BE /* ViewController.swift */; };
		E88C6A581C6813FB0018B1BE /* Main.storyboard in Resources */ = {isa = PBXBuildFile; fileRef = E88C6A561C6813FB0018B1BE /* Main.storyboard */; };
		E88C6A5A1C6813FB0018B1BE /* Assets.xcassets in Resources */ = {isa = PBXBuildFile; fileRef = E88C6A591C6813FB0018B1BE /* Assets.xcassets */; };
		E88C6A5D1C6813FB0018B1BE /* LaunchScreen.storyboard in Resources */ = {isa = PBXBuildFile; fileRef = E88C6A5B1C6813FB0018B1BE /* LaunchScreen.storyboard */; };
		E88C6A651C68504D0018B1BE /* DragImage.swift in Sources */ = {isa = PBXBuildFile; fileRef = E88C6A641C68504D0018B1BE /* DragImage.swift */; };
		E88C6A671C6853ED0018B1BE /* MonsterImg.swift in Sources */ = {isa = PBXBuildFile; fileRef = E88C6A661C6853ED0018B1BE /* MonsterImg.swift */; };
		E88C6A6D1C6862500018B1BE /* bite.wav in Resources */ = {isa = PBXBuildFile; fileRef = E88C6A681C6862500018B1BE /* bite.wav */; };
		E88C6A6E1C6862500018B1BE /* cave-music.mp3 in Resources */ = {isa = PBXBuildFile; fileRef = E88C6A691C6862500018B1BE /* cave-music.mp3 */; };
		E88C6A6F1C6862500018B1BE /* death.wav in Resources */ = {isa = PBXBuildFile; fileRef = E88C6A6A1C6862500018B1BE /* death.wav */; };
		E88C6A701C6862500018B1BE /* heart.wav in Resources */ = {isa = PBXBuildFile; fileRef = E88C6A6B1C6862500018B1BE /* heart.wav */; };
		E88C6A711C6862500018B1BE /* skull.wav in Resources */ = {isa = PBXBuildFile; fileRef = E88C6A6C1C6862500018B1BE /* skull.wav */; };
		E88C6A751C6A8FDB0018B1BE /* ChooseCharacterVC.swift in Sources */ = {isa = PBXBuildFile; fileRef = E88C6A741C6A8FDB0018B1BE /* ChooseCharacterVC.swift */; };
/* End PBXBuildFile section */

/* Begin PBXFileReference section */
		E88C6A4F1C6813FB0018B1BE /* MyLittleMonster.app */ = {isa = PBXFileReference; explicitFileType = wrapper.application; includeInIndex = 0; path = MyLittleMonster.app; sourceTree = BUILT_PRODUCTS_DIR; };
		E88C6A521C6813FB0018B1BE /* AppDelegate.swift */ = {isa = PBXFileReference; lastKnownFileType = sourcecode.swift; path = AppDelegate.swift; sourceTree = "<group>"; };
		E88C6A541C6813FB0018B1BE /* ViewController.swift */ = {isa = PBXFileReference; lastKnownFileType = sourcecode.swift; path = ViewController.swift; sourceTree = "<group>"; };
		E88C6A571C6813FB0018B1BE /* Base */ = {isa = PBXFileReference; lastKnownFileType = file.storyboard; name = Base; path = Base.lproj/Main.storyboard; sourceTree = "<group>"; };
		E88C6A591C6813FB0018B1BE /* Assets.xcassets */ = {isa = PBXFileReference; lastKnownFileType = folder.assetcatalog; path = Assets.xcassets; sourceTree = "<group>"; };
		E88C6A5C1C6813FB0018B1BE /* Base */ = {isa = PBXFileReference; lastKnownFileType = file.storyboard; name = Base; path = Base.lproj/LaunchScreen.storyboard; sourceTree = "<group>"; };
		E88C6A5E1C6813FB0018B1BE /* Info.plist */ = {isa = PBXFileReference; lastKnownFileType = text.plist.xml; path = Info.plist; sourceTree = "<group>"; };
		E88C6A641C68504D0018B1BE /* DragImage.swift */ = {isa = PBXFileReference; fileEncoding = 4; lastKnownFileType = sourcecode.swift; path = DragImage.swift; sourceTree = "<group>"; };
		E88C6A661C6853ED0018B1BE /* MonsterImg.swift */ = {isa = PBXFileReference; fileEncoding = 4; lastKnownFileType = sourcecode.swift; path = MonsterImg.swift; sourceTree = "<group>"; };
		E88C6A681C6862500018B1BE /* bite.wav */ = {isa = PBXFileReference; lastKnownFileType = audio.wav; path = bite.wav; sourceTree = "<group>"; };
		E88C6A691C6862500018B1BE /* cave-music.mp3 */ = {isa = PBXFileReference; lastKnownFileType = audio.mp3; path = "cave-music.mp3"; sourceTree = "<group>"; };
		E88C6A6A1C6862500018B1BE /* death.wav */ = {isa = PBXFileReference; lastKnownFileType = audio.wav; path = death.wav; sourceTree = "<group>"; };
		E88C6A6B1C6862500018B1BE /* heart.wav */ = {isa = PBXFileReference; lastKnownFileType = audio.wav; path = heart.wav; sourceTree = "<group>"; };
		E88C6A6C1C6862500018B1BE /* skull.wav */ = {isa = PBXFileReference; lastKnownFileType = audio.wav; path = skull.wav; sourceTree = "<group>"; };
		E88C6A741C6A8FDB0018B1BE /* ChooseCharacterVC.swift */ = {isa = PBXFileReference; fileEncoding = 4; lastKnownFileType = sourcecode.swift; path = ChooseCharacterVC.swift; sourceTree = "<group>"; };
/* End PBXFileReference section */

/* Begin PBXFrameworksBuildPhase section */
		E88C6A4C1C6813FB0018B1BE /* Frameworks */ = {
			isa = PBXFrameworksBuildPhase;
			buildActionMask = 2147483647;
			files = (
			);
			runOnlyForDeploymentPostprocessing = 0;
		};
/* End PBXFrameworksBuildPhase section */

/* Begin PBXGroup section */
		E88C6A461C6813FB0018B1BE = {
			isa = PBXGroup;
			children = (
				E88C6A511C6813FB0018B1BE /* MyLittleMonster */,
				E88C6A501C6813FB0018B1BE /* Products */,
			);
			sourceTree = "<group>";
		};
		E88C6A501C6813FB0018B1BE /* Products */ = {
			isa = PBXGroup;
			children = (
				E88C6A4F1C6813FB0018B1BE /* MyLittleMonster.app */,
			);
			name = Products;
			sourceTree = "<group>";
		};
		E88C6A511C6813FB0018B1BE /* MyLittleMonster */ = {
			isa = PBXGroup;
			children = (
				E88C6A741C6A8FDB0018B1BE /* ChooseCharacterVC.swift */,
				E88C6A521C6813FB0018B1BE /* AppDelegate.swift */,
				E88C6A541C6813FB0018B1BE /* ViewController.swift */,
				E88C6A561C6813FB0018B1BE /* Main.storyboard */,
				E88C6A591C6813FB0018B1BE /* Assets.xcassets */,
				E88C6A5B1C6813FB0018B1BE /* LaunchScreen.storyboard */,
				E88C6A5E1C6813FB0018B1BE /* Info.plist */,
				E88C6A641C68504D0018B1BE /* DragImage.swift */,
				E88C6A661C6853ED0018B1BE /* MonsterImg.swift */,
				E88C6A681C6862500018B1BE /* bite.wav */,
				E88C6A691C6862500018B1BE /* cave-music.mp3 */,
				E88C6A6A1C6862500018B1BE /* death.wav */,
				E88C6A6B1C6862500018B1BE /* heart.wav */,
				E88C6A6C1C6862500018B1BE /* skull.wav */,
			);
			path = MyLittleMonster;
			sourceTree = "<group>";
		};
/* End PBXGroup section */

/* Begin PBXNativeTarget section */
		E88C6A4E1C6813FB0018B1BE /* MyLittleMonster */ = {
			isa = PBXNativeTarget;
			buildConfigurationList = E88C6A611C6813FB0018B1BE /* Build configuration list for PBXNativeTarget "MyLittleMonster" */;
			buildPhases = (
				E88C6A4B1C6813FB0018B1BE /* Sources */,
				E88C6A4C1C6813FB0018B1BE /* Frameworks */,
				E88C6A4D1C6813FB0018B1BE /* Resources */,
			);
			buildRules = (
			);
			dependencies = (
			);
			name = MyLittleMonster;
			productName = MyLittleMonster;
			productReference = E88C6A4F1C6813FB0018B1BE /* MyLittleMonster.app */;
			productType = "com.apple.product-type.application";
		};
/* End PBXNativeTarget section */

/* Begin PBXProject section */
		E88C6A471C6813FB0018B1BE /* Project object */ = {
			isa = PBXProject;
			attributes = {
				LastSwiftUpdateCheck = 0720;
				LastUpgradeCheck = 0720;
				ORGANIZATIONNAME = "Miwand Najafe";
				TargetAttributes = {
					E88C6A4E1C6813FB0018B1BE = {
						CreatedOnToolsVersion = 7.2.1;
					};
				};
			};
			buildConfigurationList = E88C6A4A1C6813FB0018B1BE /* Build configuration list for PBXProject "MyLittleMonster" */;
			compatibilityVersion = "Xcode 3.2";
			developmentRegion = English;
			hasScannedForEncodings = 0;
			knownRegions = (
				en,
				Base,
			);
			mainGroup = E88C6A461C6813FB0018B1BE;
			productRefGroup = E88C6A501C6813FB0018B1BE /* Products */;
			projectDirPath = "";
			projectRoot = "";
			targets = (
				E88C6A4E1C6813FB0018B1BE /* MyLittleMonster */,
			);
		};
/* End PBXProject section */

/* Begin PBXResourcesBuildPhase section */
		E88C6A4D1C6813FB0018B1BE /* Resources */ = {
			isa = PBXResourcesBuildPhase;
			buildActionMask = 2147483647;
			files = (
				E88C6A711C6862500018B1BE /* skull.wav in Resources */,
				E88C6A6D1C6862500018B1BE /* bite.wav in Resources */,
				E88C6A6F1C6862500018B1BE /* death.wav in Resources */,
				E88C6A701C6862500018B1BE /* heart.wav in Resources */,
				E88C6A6E1C6862500018B1BE /* cave-music.mp3 in Resources */,
				E88C6A5D1C6813FB0018B1BE /* LaunchScreen.storyboard in Resources */,
				E88C6A5A1C6813FB0018B1BE /* Assets.xcassets in Resources */,
				E88C6A581C6813FB0018B1BE /* Main.storyboard in Resources */,
			);
			runOnlyForDeploymentPostprocessing = 0;
		};
/* End PBXResourcesBuildPhase section */

/* Begin PBXSourcesBuildPhase section */
		E88C6A4B1C6813FB0018B1BE /* Sources */ = {
			isa = PBXSourcesBuildPhase;
			buildActionMask = 2147483647;
			files = (
				E88C6A751C6A8FDB0018B1BE /* ChooseCharacterVC.swift in Sources */,
				E88C6A671C6853ED0018B1BE /* MonsterImg.swift in Sources */,
				E88C6A551C6813FB0018B1BE /* ViewController.swift in Sources */,
				E88C6A651C68504D0018B1BE /* DragImage.swift in Sources */,
				E88C6A531C6813FB0018B1BE /* AppDelegate.swift in Sources */,
			);
			runOnlyForDeploymentPostprocessing = 0;
		};
/* End PBXSourcesBuildPhase section */

/* Begin PBXVariantGroup section */
		E88C6A561C6813FB0018B1BE /* Main.storyboard */ = {
			isa = PBXVariantGroup;
			children = (
				E88C6A571C6813FB0018B1BE /* Base */,
			);
			name = Main.storyboard;
			sourceTree = "<group>";
		};
		E88C6A5B1C6813FB0018B1BE /* LaunchScreen.storyboard */ = {
			isa = PBXVariantGroup;
			children = (
				E88C6A5C1C6813FB0018B1BE /* Base */,
			);
			name = LaunchScreen.storyboard;
			sourceTree = "<group>";
		};
/* End PBXVariantGroup section */

/* Begin XCBuildConfiguration section */
		E88C6A5F1C6813FB0018B1BE /* Debug */ = {
			isa = XCBuildConfiguration;
			buildSettings = {
				ALWAYS_SEARCH_USER_PATHS = NO;
				CLANG_CXX_LANGUAGE_STANDARD = "gnu++0x";
				CLANG_CXX_LIBRARY = "libc++";
				CLANG_ENABLE_MODULES = YES;
				CLANG_ENABLE_OBJC_ARC = YES;
				CLANG_WARN_BOOL_CONVERSION = YES;
				CLANG_WARN_CONSTANT_CONVERSION = YES;
				CLANG_WARN_DIRECT_OBJC_ISA_USAGE = YES_ERROR;
				CLANG_WARN_EMPTY_BODY = YES;
				CLANG_WARN_ENUM_CONVERSION = YES;
				CLANG_WARN_INT_CONVERSION = YES;
				CLANG_WARN_OBJC_ROOT_CLASS = YES_ERROR;
				CLANG_WARN_UNREACHABLE_CODE = YES;
				CLANG_WARN__DUPLICATE_METHOD_MATCH = YES;
				"CODE_SIGN_IDENTITY[sdk=iphoneos*]" = "iPhone Developer";
				COPY_PHASE_STRIP = NO;
				DEBUG_INFORMATION_FORMAT = dwarf;
				ENABLE_STRICT_OBJC_MSGSEND = YES;
				ENABLE_TESTABILITY = YES;
				GCC_C_LANGUAGE_STANDARD = gnu99;
				GCC_DYNAMIC_NO_PIC = NO;
				GCC_NO_COMMON_BLOCKS = YES;
				GCC_OPTIMIZATION_LEVEL = 0;
				GCC_PREPROCESSOR_DEFINITIONS = (
					"DEBUG=1",
					"$(inherited)",
				);
				GCC_WARN_64_TO_32_BIT_CONVERSION = YES;
				GCC_WARN_ABOUT_RETURN_TYPE = YES_ERROR;
				GCC_WARN_UNDECLARED_SELECTOR = YES;
				GCC_WARN_UNINITIALIZED_AUTOS = YES_AGGRESSIVE;
				GCC_WARN_UNUSED_FUNCTION = YES;
				GCC_WARN_UNUSED_VARIABLE = YES;
				IPHONEOS_DEPLOYMENT_TARGET = 9.2;
				MTL_ENABLE_DEBUG_INFO = YES;
				ONLY_ACTIVE_ARCH = YES;
				SDKROOT = iphoneos;
				SWIFT_OPTIMIZATION_LEVEL = "-Onone";
			};
			name = Debug;
		};
		E88C6A601C6813FB0018B1BE /* Release */ = {
			isa = XCBuildConfiguration;
			buildSettings = {
				ALWAYS_SEARCH_USER_PATHS = NO;
				CLANG_CXX_LANGUAGE_STANDARD = "gnu++0x";
				CLANG_CXX_LIBRARY = "libc++";
				CLANG_ENABLE_MODULES = YES;
				CLANG_ENABLE_OBJC_ARC = YES;
				CLANG_WARN_BOOL_CONVERSION = YES;
				CLANG_WARN_CONSTANT_CONVERSION = YES;
				CLANG_WARN_DIRECT_OBJC_ISA_USAGE = YES_ERROR;
				CLANG_WARN_EMPTY_BODY = YES;
				CLANG_WARN_ENUM_CONVERSION = YES;
				CLANG_WARN_INT_CONVERSION = YES;
				CLANG_WARN_OBJC_ROOT_CLASS = YES_ERROR;
				CLANG_WARN_UNREACHABLE_CODE = YES;
				CLANG_WARN__DUPLICATE_METHOD_MATCH = YES;
				"CODE_SIGN_IDENTITY[sdk=iphoneos*]" = "iPhone Developer";
				COPY_PHASE_STRIP = NO;
				DEBUG_INFORMATION_FORMAT = "dwarf-with-dsym";
				ENABLE_NS_ASSERTIONS = NO;
				ENABLE_STRICT_OBJC_MSGSEND = YES;
				GCC_C_LANGUAGE_STANDARD = gnu99;
				GCC_NO_COMMON_BLOCKS = YES;
				GCC_WARN_64_TO_32_BIT_CONVERSION = YES;
				GCC_WARN_ABOUT_RETURN_TYPE = YES_ERROR;
				GCC_WARN_UNDECLARED_SELECTOR = YES;
				GCC_WARN_UNINITIALIZED_AUTOS = YES_AGGRESSIVE;
				GCC_WARN_UNUSED_FUNCTION = YES;
				GCC_WARN_UNUSED_VARIABLE = YES;
				IPHONEOS_DEPLOYMENT_TARGET = 9.2;
				MTL_ENABLE_DEBUG_INFO = NO;
				SDKROOT = iphoneos;
				VALIDATE_PRODUCT = YES;
			};
			name = Release;
		};
		E88C6A621C6813FB0018B1BE /* Debug */ = {
			isa = XCBuildConfiguration;
			buildSettings = {
				ASSETCATALOG_COMPILER_APPICON_NAME = AppIcon;
				INFOPLIST_FILE = MyLittleMonster/Info.plist;
				LD_RUNPATH_SEARCH_PATHS = "$(inherited) @executable_path/Frameworks";
				PRODUCT_BUNDLE_IDENTIFIER = solutions.abstract.MyLittleMonster;
				PRODUCT_NAME = "$(TARGET_NAME)";
				TARGETED_DEVICE_FAMILY = "1,2";
			};
			name = Debug;
		};
		E88C6A631C6813FB0018B1BE /* Release */ = {
			isa = XCBuildConfiguration;
			buildSettings = {
				ASSETCATALOG_COMPILER_APPICON_NAME = AppIcon;
				INFOPLIST_FILE = MyLittleMonster/Info.plist;
				LD_RUNPATH_SEARCH_PATHS = "$(inherited) @executable_path/Frameworks";
				PRODUCT_BUNDLE_IDENTIFIER = solutions.abstract.MyLittleMonster;
				PRODUCT_NAME = "$(TARGET_NAME)";
				TARGETED_DEVICE_FAMILY = "1,2";
			};
			name = Release;
		};
/* End XCBuildConfiguration section */

/* Begin XCConfigurationList section */
		E88C6A4A1C6813FB0018B1BE /* Build configuration list for PBXProject "MyLittleMonster" */ = {
			isa = XCConfigurationList;
			buildConfigurations = (
				E88C6A5F1C6813FB0018B1BE /* Debug */,
				E88C6A601C6813FB0018B1BE /* Release */,
			);
			defaultConfigurationIsVisible = 0;
			defaultConfigurationName = Release;
		};
		E88C6A611C6813FB0018B1BE /* Build configuration list for PBXNativeTarget "MyLittleMonster" */ = {
			isa = XCConfigurationList;
			buildConfigurations = (
				E88C6A621C6813FB0018B1BE /* Debug */,
				E88C6A631C6813FB0018B1BE /* Release */,
			);
			defaultConfigurationIsVisible = 0;
			defaultConfigurationName = Release;
		};
/* End XCConfigurationList section */
	};
	rootObject = E88C6A471C6813FB0018B1BE /* Project object */;
}
