// !$*UTF8*$!
{
	archiveVersion = 1;
	classes = {
	};
	objectVersion = 46;
	objects = {

/* Begin PBXBuildFile section */
		E858A4711C9610BA00160411 /* AppDelegate.swift in Sources */ = {isa = PBXBuildFile; fileRef = E858A4701C9610BA00160411 /* AppDelegate.swift */; };
		E858A4731C9610BA00160411 /* ViewController.swift in Sources */ = {isa = PBXBuildFile; fileRef = E858A4721C9610BA00160411 /* ViewController.swift */; };
		E858A4761C9610BA00160411 /* Main.storyboard in Resources */ = {isa = PBXBuildFile; fileRef = E858A4741C9610BA00160411 /* Main.storyboard */; };
		E858A4781C9610BA00160411 /* Assets.xcassets in Resources */ = {isa = PBXBuildFile; fileRef = E858A4771C9610BA00160411 /* Assets.xcassets */; };
		E858A47B1C9610BA00160411 /* LaunchScreen.storyboard in Resources */ = {isa = PBXBuildFile; fileRef = E858A4791C9610BA00160411 /* LaunchScreen.storyboard */; };
		E858A4841C96110700160411 /* Post.swift in Sources */ = {isa = PBXBuildFile; fileRef = E858A4831C96110700160411 /* Post.swift */; };
		E858A4871C96175D00160411 /* PostCell.swift in Sources */ = {isa = PBXBuildFile; fileRef = E858A4861C96175D00160411 /* PostCell.swift */; };
		E858A48A1C962F9800160411 /* AddPostVC.swift in Sources */ = {isa = PBXBuildFile; fileRef = E858A4891C962F9800160411 /* AddPostVC.swift */; };
		E858A48C1C96341D00160411 /* Util.swift in Sources */ = {isa = PBXBuildFile; fileRef = E858A48B1C96341D00160411 /* Util.swift */; };
		E858A48F1C96373900160411 /* DataService.swift in Sources */ = {isa = PBXBuildFile; fileRef = E858A48E1C96373900160411 /* DataService.swift */; };
/* End PBXBuildFile section */

/* Begin PBXFileReference section */
		E858A46D1C9610BA00160411 /* my-hood-abstract.app */ = {isa = PBXFileReference; explicitFileType = wrapper.application; includeInIndex = 0; path = "my-hood-abstract.app"; sourceTree = BUILT_PRODUCTS_DIR; };
		E858A4701C9610BA00160411 /* AppDelegate.swift */ = {isa = PBXFileReference; lastKnownFileType = sourcecode.swift; path = AppDelegate.swift; sourceTree = "<group>"; };
		E858A4721C9610BA00160411 /* ViewController.swift */ = {isa = PBXFileReference; lastKnownFileType = sourcecode.swift; path = ViewController.swift; sourceTree = "<group>"; };
		E858A4751C9610BA00160411 /* Base */ = {isa = PBXFileReference; lastKnownFileType = file.storyboard; name = Base; path = Base.lproj/Main.storyboard; sourceTree = "<group>"; };
		E858A4771C9610BA00160411 /* Assets.xcassets */ = {isa = PBXFileReference; lastKnownFileType = folder.assetcatalog; path = Assets.xcassets; sourceTree = "<group>"; };
		E858A47A1C9610BA00160411 /* Base */ = {isa = PBXFileReference; lastKnownFileType = file.storyboard; name = Base; path = Base.lproj/LaunchScreen.storyboard; sourceTree = "<group>"; };
		E858A47C1C9610BA00160411 /* Info.plist */ = {isa = PBXFileReference; lastKnownFileType = text.plist.xml; path = Info.plist; sourceTree = "<group>"; };
		E858A4831C96110700160411 /* Post.swift */ = {isa = PBXFileReference; fileEncoding = 4; lastKnownFileType = sourcecode.swift; path = Post.swift; sourceTree = "<group>"; };
		E858A4861C96175D00160411 /* PostCell.swift */ = {isa = PBXFileReference; fileEncoding = 4; lastKnownFileType = sourcecode.swift; path = PostCell.swift; sourceTree = "<group>"; };
		E858A4891C962F9800160411 /* AddPostVC.swift */ = {isa = PBXFileReference; fileEncoding = 4; lastKnownFileType = sourcecode.swift; path = AddPostVC.swift; sourceTree = "<group>"; };
		E858A48B1C96341D00160411 /* Util.swift */ = {isa = PBXFileReference; fileEncoding = 4; lastKnownFileType = sourcecode.swift; path = Util.swift; sourceTree = "<group>"; };
		E858A48E1C96373900160411 /* DataService.swift */ = {isa = PBXFileReference; fileEncoding = 4; lastKnownFileType = sourcecode.swift; path = DataService.swift; sourceTree = "<group>"; };
/* End PBXFileReference section */

/* Begin PBXFrameworksBuildPhase section */
		E858A46A1C9610BA00160411 /* Frameworks */ = {
			isa = PBXFrameworksBuildPhase;
			buildActionMask = 2147483647;
			files = (
			);
			runOnlyForDeploymentPostprocessing = 0;
		};
/* End PBXFrameworksBuildPhase section */

/* Begin PBXGroup section */
		E858A4641C9610BA00160411 = {
			isa = PBXGroup;
			children = (
				E858A46F1C9610BA00160411 /* my-hood-abstract */,
				E858A46E1C9610BA00160411 /* Products */,
			);
			sourceTree = "<group>";
		};
		E858A46E1C9610BA00160411 /* Products */ = {
			isa = PBXGroup;
			children = (
				E858A46D1C9610BA00160411 /* my-hood-abstract.app */,
			);
			name = Products;
			sourceTree = "<group>";
		};
		E858A46F1C9610BA00160411 /* my-hood-abstract */ = {
			isa = PBXGroup;
			children = (
				E858A48D1C96372400160411 /* Services */,
				E858A4881C962F8100160411 /* Controller */,
				E858A4851C9611A000160411 /* View */,
				E858A4821C9610FB00160411 /* Model */,
				E858A4701C9610BA00160411 /* AppDelegate.swift */,
				E858A48B1C96341D00160411 /* Util.swift */,
				E858A4771C9610BA00160411 /* Assets.xcassets */,
				E858A4791C9610BA00160411 /* LaunchScreen.storyboard */,
				E858A47C1C9610BA00160411 /* Info.plist */,
			);
			path = "my-hood-abstract";
			sourceTree = "<group>";
		};
		E858A4821C9610FB00160411 /* Model */ = {
			isa = PBXGroup;
			children = (
				E858A4831C96110700160411 /* Post.swift */,
			);
			name = Model;
			sourceTree = "<group>";
		};
		E858A4851C9611A000160411 /* View */ = {
			isa = PBXGroup;
			children = (
				E858A4741C9610BA00160411 /* Main.storyboard */,
				E858A4861C96175D00160411 /* PostCell.swift */,
			);
			name = View;
			sourceTree = "<group>";
		};
		E858A4881C962F8100160411 /* Controller */ = {
			isa = PBXGroup;
			children = (
				E858A4721C9610BA00160411 /* ViewController.swift */,
				E858A4891C962F9800160411 /* AddPostVC.swift */,
			);
			name = Controller;
			sourceTree = "<group>";
		};
		E858A48D1C96372400160411 /* Services */ = {
			isa = PBXGroup;
			children = (
				E858A48E1C96373900160411 /* DataService.swift */,
			);
			name = Services;
			sourceTree = "<group>";
		};
/* End PBXGroup section */

/* Begin PBXNativeTarget section */
		E858A46C1C9610BA00160411 /* my-hood-abstract */ = {
			isa = PBXNativeTarget;
			buildConfigurationList = E858A47F1C9610BA00160411 /* Build configuration list for PBXNativeTarget "my-hood-abstract" */;
			buildPhases = (
				E858A4691C9610BA00160411 /* Sources */,
				E858A46A1C9610BA00160411 /* Frameworks */,
				E858A46B1C9610BA00160411 /* Resources */,
			);
			buildRules = (
			);
			dependencies = (
			);
			name = "my-hood-abstract";
			productName = "my-hood-abstract";
			productReference = E858A46D1C9610BA00160411 /* my-hood-abstract.app */;
			productType = "com.apple.product-type.application";
		};
/* End PBXNativeTarget section */

/* Begin PBXProject section */
		E858A4651C9610BA00160411 /* Project object */ = {
			isa = PBXProject;
			attributes = {
				LastSwiftUpdateCheck = 0720;
				LastUpgradeCheck = 0720;
				ORGANIZATIONNAME = "Miwand Najafe";
				TargetAttributes = {
					E858A46C1C9610BA00160411 = {
						CreatedOnToolsVersion = 7.2.1;
					};
				};
			};
			buildConfigurationList = E858A4681C9610BA00160411 /* Build configuration list for PBXProject "my-hood-abstract" */;
			compatibilityVersion = "Xcode 3.2";
			developmentRegion = English;
			hasScannedForEncodings = 0;
			knownRegions = (
				en,
				Base,
			);
			mainGroup = E858A4641C9610BA00160411;
			productRefGroup = E858A46E1C9610BA00160411 /* Products */;
			projectDirPath = "";
			projectRoot = "";
			targets = (
				E858A46C1C9610BA00160411 /* my-hood-abstract */,
			);
		};
/* End PBXProject section */

/* Begin PBXResourcesBuildPhase section */
		E858A46B1C9610BA00160411 /* Resources */ = {
			isa = PBXResourcesBuildPhase;
			buildActionMask = 2147483647;
			files = (
				E858A47B1C9610BA00160411 /* LaunchScreen.storyboard in Resources */,
				E858A4781C9610BA00160411 /* Assets.xcassets in Resources */,
				E858A4761C9610BA00160411 /* Main.storyboard in Resources */,
			);
			runOnlyForDeploymentPostprocessing = 0;
		};
/* End PBXResourcesBuildPhase section */

/* Begin PBXSourcesBuildPhase section */
		E858A4691C9610BA00160411 /* Sources */ = {
			isa = PBXSourcesBuildPhase;
			buildActionMask = 2147483647;
			files = (
				E858A48A1C962F9800160411 /* AddPostVC.swift in Sources */,
				E858A48F1C96373900160411 /* DataService.swift in Sources */,
				E858A48C1C96341D00160411 /* Util.swift in Sources */,
				E858A4841C96110700160411 /* Post.swift in Sources */,
				E858A4731C9610BA00160411 /* ViewController.swift in Sources */,
				E858A4711C9610BA00160411 /* AppDelegate.swift in Sources */,
				E858A4871C96175D00160411 /* PostCell.swift in Sources */,
			);
			runOnlyForDeploymentPostprocessing = 0;
		};
/* End PBXSourcesBuildPhase section */

/* Begin PBXVariantGroup section */
		E858A4741C9610BA00160411 /* Main.storyboard */ = {
			isa = PBXVariantGroup;
			children = (
				E858A4751C9610BA00160411 /* Base */,
			);
			name = Main.storyboard;
			sourceTree = "<group>";
		};
		E858A4791C9610BA00160411 /* LaunchScreen.storyboard */ = {
			isa = PBXVariantGroup;
			children = (
				E858A47A1C9610BA00160411 /* Base */,
			);
			name = LaunchScreen.storyboard;
			sourceTree = "<group>";
		};
/* End PBXVariantGroup section */

/* Begin XCBuildConfiguration section */
		E858A47D1C9610BA00160411 /* Debug */ = {
			isa = XCBuildConfiguration;
			buildSettings = {
				ALWAYS_SEARCH_USER_PATHS = NO;
				CLANG_CXX_LANGUAGE_STANDARD = "gnu++0x";
				CLANG_CXX_LIBRARY = "libc++";
				CLANG_ENABLE_MODULES = YES;
				CLANG_ENABLE_OBJC_ARC = YES;
				CLANG_WARN_BOOL_CONVERSION = YES;
				CLANG_WARN_CONSTANT_CONVERSION = YES;
				CLANG_WARN_DIRECT_OBJC_ISA_USAGE = YES_ERROR;
				CLANG_WARN_EMPTY_BODY = YES;
				CLANG_WARN_ENUM_CONVERSION = YES;
				CLANG_WARN_INT_CONVERSION = YES;
				CLANG_WARN_OBJC_ROOT_CLASS = YES_ERROR;
				CLANG_WARN_UNREACHABLE_CODE = YES;
				CLANG_WARN__DUPLICATE_METHOD_MATCH = YES;
				"CODE_SIGN_IDENTITY[sdk=iphoneos*]" = "iPhone Developer";
				COPY_PHASE_STRIP = NO;
				DEBUG_INFORMATION_FORMAT = dwarf;
				ENABLE_STRICT_OBJC_MSGSEND = YES;
				ENABLE_TESTABILITY = YES;
				GCC_C_LANGUAGE_STANDARD = gnu99;
				GCC_DYNAMIC_NO_PIC = NO;
				GCC_NO_COMMON_BLOCKS = YES;
				GCC_OPTIMIZATION_LEVEL = 0;
				GCC_PREPROCESSOR_DEFINITIONS = (
					"DEBUG=1",
					"$(inherited)",
				);
				GCC_WARN_64_TO_32_BIT_CONVERSION = YES;
				GCC_WARN_ABOUT_RETURN_TYPE = YES_ERROR;
				GCC_WARN_UNDECLARED_SELECTOR = YES;
				GCC_WARN_UNINITIALIZED_AUTOS = YES_AGGRESSIVE;
				GCC_WARN_UNUSED_FUNCTION = YES;
				GCC_WARN_UNUSED_VARIABLE = YES;
				IPHONEOS_DEPLOYMENT_TARGET = 9.2;
				MTL_ENABLE_DEBUG_INFO = YES;
				ONLY_ACTIVE_ARCH = YES;
				SDKROOT = iphoneos;
				SWIFT_OPTIMIZATION_LEVEL = "-Onone";
			};
			name = Debug;
		};
		E858A47E1C9610BA00160411 /* Release */ = {
			isa = XCBuildConfiguration;
			buildSettings = {
				ALWAYS_SEARCH_USER_PATHS = NO;
				CLANG_CXX_LANGUAGE_STANDARD = "gnu++0x";
				CLANG_CXX_LIBRARY = "libc++";
				CLANG_ENABLE_MODULES = YES;
				CLANG_ENABLE_OBJC_ARC = YES;
				CLANG_WARN_BOOL_CONVERSION = YES;
				CLANG_WARN_CONSTANT_CONVERSION = YES;
				CLANG_WARN_DIRECT_OBJC_ISA_USAGE = YES_ERROR;
				CLANG_WARN_EMPTY_BODY = YES;
				CLANG_WARN_ENUM_CONVERSION = YES;
				CLANG_WARN_INT_CONVERSION = YES;
				CLANG_WARN_OBJC_ROOT_CLASS = YES_ERROR;
				CLANG_WARN_UNREACHABLE_CODE = YES;
				CLANG_WARN__DUPLICATE_METHOD_MATCH = YES;
				"CODE_SIGN_IDENTITY[sdk=iphoneos*]" = "iPhone Developer";
				COPY_PHASE_STRIP = NO;
				DEBUG_INFORMATION_FORMAT = "dwarf-with-dsym";
				ENABLE_NS_ASSERTIONS = NO;
				ENABLE_STRICT_OBJC_MSGSEND = YES;
				GCC_C_LANGUAGE_STANDARD = gnu99;
				GCC_NO_COMMON_BLOCKS = YES;
				GCC_WARN_64_TO_32_BIT_CONVERSION = YES;
				GCC_WARN_ABOUT_RETURN_TYPE = YES_ERROR;
				GCC_WARN_UNDECLARED_SELECTOR = YES;
				GCC_WARN_UNINITIALIZED_AUTOS = YES_AGGRESSIVE;
				GCC_WARN_UNUSED_FUNCTION = YES;
				GCC_WARN_UNUSED_VARIABLE = YES;
				IPHONEOS_DEPLOYMENT_TARGET = 9.2;
				MTL_ENABLE_DEBUG_INFO = NO;
				SDKROOT = iphoneos;
				VALIDATE_PRODUCT = YES;
			};
			name = Release;
		};
		E858A4801C9610BA00160411 /* Debug */ = {
			isa = XCBuildConfiguration;
			buildSettings = {
				ASSETCATALOG_COMPILER_APPICON_NAME = AppIcon;
				INFOPLIST_FILE = "my-hood-abstract/Info.plist";
				LD_RUNPATH_SEARCH_PATHS = "$(inherited) @executable_path/Frameworks";
				PRODUCT_BUNDLE_IDENTIFIER = "solutions.abstract.my-hood-abstract";
				PRODUCT_NAME = "$(TARGET_NAME)";
				TARGETED_DEVICE_FAMILY = 1;
			};
			name = Debug;
		};
		E858A4811C9610BA00160411 /* Release */ = {
			isa = XCBuildConfiguration;
			buildSettings = {
				ASSETCATALOG_COMPILER_APPICON_NAME = AppIcon;
				INFOPLIST_FILE = "my-hood-abstract/Info.plist";
				LD_RUNPATH_SEARCH_PATHS = "$(inherited) @executable_path/Frameworks";
				PRODUCT_BUNDLE_IDENTIFIER = "solutions.abstract.my-hood-abstract";
				PRODUCT_NAME = "$(TARGET_NAME)";
				SWIFT_OPTIMIZATION_LEVEL = "-Owholemodule";
				TARGETED_DEVICE_FAMILY = 1;
			};
			name = Release;
		};
/* End XCBuildConfiguration section */

/* Begin XCConfigurationList section */
		E858A4681C9610BA00160411 /* Build configuration list for PBXProject "my-hood-abstract" */ = {
			isa = XCConfigurationList;
			buildConfigurations = (
				E858A47D1C9610BA00160411 /* Debug */,
				E858A47E1C9610BA00160411 /* Release */,
			);
			defaultConfigurationIsVisible = 0;
			defaultConfigurationName = Release;
		};
		E858A47F1C9610BA00160411 /* Build configuration list for PBXNativeTarget "my-hood-abstract" */ = {
			isa = XCConfigurationList;
			buildConfigurations = (
				E858A4801C9610BA00160411 /* Debug */,
				E858A4811C9610BA00160411 /* Release */,
			);
			defaultConfigurationIsVisible = 0;
			defaultConfigurationName = Release;
		};
/* End XCConfigurationList section */
	};
	rootObject = E858A4651C9610BA00160411 /* Project object */;
}
