// !$*UTF8*$!
{
	archiveVersion = 1;
	classes = {
	};
	objectVersion = 46;
	objects = {

/* Begin PBXBuildFile section */
		E87089411C4C3E590051D868 /* AppDelegate.swift in Sources */ = {isa = PBXBuildFile; fileRef = E87089401C4C3E590051D868 /* AppDelegate.swift */; };
		E87089431C4C3E590051D868 /* ViewController.swift in Sources */ = {isa = PBXBuildFile; fileRef = E87089421C4C3E590051D868 /* ViewController.swift */; };
		E87089461C4C3E590051D868 /* Main.storyboard in Resources */ = {isa = PBXBuildFile; fileRef = E87089441C4C3E590051D868 /* Main.storyboard */; };
		E87089481C4C3E590051D868 /* Assets.xcassets in Resources */ = {isa = PBXBuildFile; fileRef = E87089471C4C3E590051D868 /* Assets.xcassets */; };
		E870894B1C4C3E590051D868 /* LaunchScreen.storyboard in Resources */ = {isa = PBXBuildFile; fileRef = E87089491C4C3E590051D868 /* LaunchScreen.storyboard */; };
/* End PBXBuildFile section */

/* Begin PBXFileReference section */
		E870893D1C4C3E590051D868 /* stackViews.app */ = {isa = PBXFileReference; explicitFileType = wrapper.application; includeInIndex = 0; path = stackViews.app; sourceTree = BUILT_PRODUCTS_DIR; };
		E87089401C4C3E590051D868 /* AppDelegate.swift */ = {isa = PBXFileReference; lastKnownFileType = sourcecode.swift; path = AppDelegate.swift; sourceTree = "<group>"; };
		E87089421C4C3E590051D868 /* ViewController.swift */ = {isa = PBXFileReference; lastKnownFileType = sourcecode.swift; path = ViewController.swift; sourceTree = "<group>"; };
		E87089451C4C3E590051D868 /* Base */ = {isa = PBXFileReference; lastKnownFileType = file.storyboard; name = Base; path = Base.lproj/Main.storyboard; sourceTree = "<group>"; };
		E87089471C4C3E590051D868 /* Assets.xcassets */ = {isa = PBXFileReference; lastKnownFileType = folder.assetcatalog; path = Assets.xcassets; sourceTree = "<group>"; };
		E870894A1C4C3E590051D868 /* Base */ = {isa = PBXFileReference; lastKnownFileType = file.storyboard; name = Base; path = Base.lproj/LaunchScreen.storyboard; sourceTree = "<group>"; };
		E870894C1C4C3E590051D868 /* Info.plist */ = {isa = PBXFileReference; lastKnownFileType = text.plist.xml; path = Info.plist; sourceTree = "<group>"; };
/* End PBXFileReference section */

/* Begin PBXFrameworksBuildPhase section */
		E870893A1C4C3E590051D868 /* Frameworks */ = {
			isa = PBXFrameworksBuildPhase;
			buildActionMask = 2147483647;
			files = (
			);
			runOnlyForDeploymentPostprocessing = 0;
		};
/* End PBXFrameworksBuildPhase section */

/* Begin PBXGroup section */
		E87089341C4C3E590051D868 = {
			isa = PBXGroup;
			children = (
				E870893F1C4C3E590051D868 /* stackViews */,
				E870893E1C4C3E590051D868 /* Products */,
			);
			sourceTree = "<group>";
		};
		E870893E1C4C3E590051D868 /* Products */ = {
			isa = PBXGroup;
			children = (
				E870893D1C4C3E590051D868 /* stackViews.app */,
			);
			name = Products;
			sourceTree = "<group>";
		};
		E870893F1C4C3E590051D868 /* stackViews */ = {
			isa = PBXGroup;
			children = (
				E87089401C4C3E590051D868 /* AppDelegate.swift */,
				E87089421C4C3E590051D868 /* ViewController.swift */,
				E87089441C4C3E590051D868 /* Main.storyboard */,
				E87089471C4C3E590051D868 /* Assets.xcassets */,
				E87089491C4C3E590051D868 /* LaunchScreen.storyboard */,
				E870894C1C4C3E590051D868 /* Info.plist */,
			);
			path = stackViews;
			sourceTree = "<group>";
		};
/* End PBXGroup section */

/* Begin PBXNativeTarget section */
		E870893C1C4C3E590051D868 /* stackViews */ = {
			isa = PBXNativeTarget;
			buildConfigurationList = E870894F1C4C3E590051D868 /* Build configuration list for PBXNativeTarget "stackViews" */;
			buildPhases = (
				E87089391C4C3E590051D868 /* Sources */,
				E870893A1C4C3E590051D868 /* Frameworks */,
				E870893B1C4C3E590051D868 /* Resources */,
			);
			buildRules = (
			);
			dependencies = (
			);
			name = stackViews;
			productName = stackViews;
			productReference = E870893D1C4C3E590051D868 /* stackViews.app */;
			productType = "com.apple.product-type.application";
		};
/* End PBXNativeTarget section */

/* Begin PBXProject section */
		E87089351C4C3E590051D868 /* Project object */ = {
			isa = PBXProject;
			attributes = {
				LastSwiftUpdateCheck = 0720;
				LastUpgradeCheck = 0720;
				ORGANIZATIONNAME = "Miwand Najafe";
				TargetAttributes = {
					E870893C1C4C3E590051D868 = {
						CreatedOnToolsVersion = 7.2;
					};
				};
			};
			buildConfigurationList = E87089381C4C3E590051D868 /* Build configuration list for PBXProject "stackViews" */;
			compatibilityVersion = "Xcode 3.2";
			developmentRegion = English;
			hasScannedForEncodings = 0;
			knownRegions = (
				en,
				Base,
			);
			mainGroup = E87089341C4C3E590051D868;
			productRefGroup = E870893E1C4C3E590051D868 /* Products */;
			projectDirPath = "";
			projectRoot = "";
			targets = (
				E870893C1C4C3E590051D868 /* stackViews */,
			);
		};
/* End PBXProject section */

/* Begin PBXResourcesBuildPhase section */
		E870893B1C4C3E590051D868 /* Resources */ = {
			isa = PBXResourcesBuildPhase;
			buildActionMask = 2147483647;
			files = (
				E870894B1C4C3E590051D868 /* LaunchScreen.storyboard in Resources */,
				E87089481C4C3E590051D868 /* Assets.xcassets in Resources */,
				E87089461C4C3E590051D868 /* Main.storyboard in Resources */,
			);
			runOnlyForDeploymentPostprocessing = 0;
		};
/* End PBXResourcesBuildPhase section */

/* Begin PBXSourcesBuildPhase section */
		E87089391C4C3E590051D868 /* Sources */ = {
			isa = PBXSourcesBuildPhase;
			buildActionMask = 2147483647;
			files = (
				E87089431C4C3E590051D868 /* ViewController.swift in Sources */,
				E87089411C4C3E590051D868 /* AppDelegate.swift in Sources */,
			);
			runOnlyForDeploymentPostprocessing = 0;
		};
/* End PBXSourcesBuildPhase section */

/* Begin PBXVariantGroup section */
		E87089441C4C3E590051D868 /* Main.storyboard */ = {
			isa = PBXVariantGroup;
			children = (
				E87089451C4C3E590051D868 /* Base */,
			);
			name = Main.storyboard;
			sourceTree = "<group>";
		};
		E87089491C4C3E590051D868 /* LaunchScreen.storyboard */ = {
			isa = PBXVariantGroup;
			children = (
				E870894A1C4C3E590051D868 /* Base */,
			);
			name = LaunchScreen.storyboard;
			sourceTree = "<group>";
		};
/* End PBXVariantGroup section */

/* Begin XCBuildConfiguration section */
		E870894D1C4C3E590051D868 /* Debug */ = {
			isa = XCBuildConfiguration;
			buildSettings = {
				ALWAYS_SEARCH_USER_PATHS = NO;
				CLANG_CXX_LANGUAGE_STANDARD = "gnu++0x";
				CLANG_CXX_LIBRARY = "libc++";
				CLANG_ENABLE_MODULES = YES;
				CLANG_ENABLE_OBJC_ARC = YES;
				CLANG_WARN_BOOL_CONVERSION = YES;
				CLANG_WARN_CONSTANT_CONVERSION = YES;
				CLANG_WARN_DIRECT_OBJC_ISA_USAGE = YES_ERROR;
				CLANG_WARN_EMPTY_BODY = YES;
				CLANG_WARN_ENUM_CONVERSION = YES;
				CLANG_WARN_INT_CONVERSION = YES;
				CLANG_WARN_OBJC_ROOT_CLASS = YES_ERROR;
				CLANG_WARN_UNREACHABLE_CODE = YES;
				CLANG_WARN__DUPLICATE_METHOD_MATCH = YES;
				"CODE_SIGN_IDENTITY[sdk=iphoneos*]" = "iPhone Developer";
				COPY_PHASE_STRIP = NO;
				DEBUG_INFORMATION_FORMAT = dwarf;
				ENABLE_STRICT_OBJC_MSGSEND = YES;
				ENABLE_TESTABILITY = YES;
				GCC_C_LANGUAGE_STANDARD = gnu99;
				GCC_DYNAMIC_NO_PIC = NO;
				GCC_NO_COMMON_BLOCKS = YES;
				GCC_OPTIMIZATION_LEVEL = 0;
				GCC_PREPROCESSOR_DEFINITIONS = (
					"DEBUG=1",
					"$(inherited)",
				);
				GCC_WARN_64_TO_32_BIT_CONVERSION = YES;
				GCC_WARN_ABOUT_RETURN_TYPE = YES_ERROR;
				GCC_WARN_UNDECLARED_SELECTOR = YES;
				GCC_WARN_UNINITIALIZED_AUTOS = YES_AGGRESSIVE;
				GCC_WARN_UNUSED_FUNCTION = YES;
				GCC_WARN_UNUSED_VARIABLE = YES;
				IPHONEOS_DEPLOYMENT_TARGET = 9.2;
				MTL_ENABLE_DEBUG_INFO = YES;
				ONLY_ACTIVE_ARCH = YES;
				SDKROOT = iphoneos;
				SWIFT_OPTIMIZATION_LEVEL = "-Onone";
			};
			name = Debug;
		};
		E870894E1C4C3E590051D868 /* Release */ = {
			isa = XCBuildConfiguration;
			buildSettings = {
				ALWAYS_SEARCH_USER_PATHS = NO;
				CLANG_CXX_LANGUAGE_STANDARD = "gnu++0x";
				CLANG_CXX_LIBRARY = "libc++";
				CLANG_ENABLE_MODULES = YES;
				CLANG_ENABLE_OBJC_ARC = YES;
				CLANG_WARN_BOOL_CONVERSION = YES;
				CLANG_WARN_CONSTANT_CONVERSION = YES;
				CLANG_WARN_DIRECT_OBJC_ISA_USAGE = YES_ERROR;
				CLANG_WARN_EMPTY_BODY = YES;
				CLANG_WARN_ENUM_CONVERSION = YES;
				CLANG_WARN_INT_CONVERSION = YES;
				CLANG_WARN_OBJC_ROOT_CLASS = YES_ERROR;
				CLANG_WARN_UNREACHABLE_CODE = YES;
				CLANG_WARN__DUPLICATE_METHOD_MATCH = YES;
				"CODE_SIGN_IDENTITY[sdk=iphoneos*]" = "iPhone Developer";
				COPY_PHASE_STRIP = NO;
				DEBUG_INFORMATION_FORMAT = "dwarf-with-dsym";
				ENABLE_NS_ASSERTIONS = NO;
				ENABLE_STRICT_OBJC_MSGSEND = YES;
				GCC_C_LANGUAGE_STANDARD = gnu99;
				GCC_NO_COMMON_BLOCKS = YES;
				GCC_WARN_64_TO_32_BIT_CONVERSION = YES;
				GCC_WARN_ABOUT_RETURN_TYPE = YES_ERROR;
				GCC_WARN_UNDECLARED_SELECTOR = YES;
				GCC_WARN_UNINITIALIZED_AUTOS = YES_AGGRESSIVE;
				GCC_WARN_UNUSED_FUNCTION = YES;
				GCC_WARN_UNUSED_VARIABLE = YES;
				IPHONEOS_DEPLOYMENT_TARGET = 9.2;
				MTL_ENABLE_DEBUG_INFO = NO;
				SDKROOT = iphoneos;
				VALIDATE_PRODUCT = YES;
			};
			name = Release;
		};
		E87089501C4C3E590051D868 /* Debug */ = {
			isa = XCBuildConfiguration;
			buildSettings = {
				ASSETCATALOG_COMPILER_APPICON_NAME = AppIcon;
				INFOPLIST_FILE = stackViews/Info.plist;
				LD_RUNPATH_SEARCH_PATHS = "$(inherited) @executable_path/Frameworks";
				PRODUCT_BUNDLE_IDENTIFIER = solutions.abstract.stackViews;
				PRODUCT_NAME = "$(TARGET_NAME)";
			};
			name = Debug;
		};
		E87089511C4C3E590051D868 /* Release */ = {
			isa = XCBuildConfiguration;
			buildSettings = {
				ASSETCATALOG_COMPILER_APPICON_NAME = AppIcon;
				INFOPLIST_FILE = stackViews/Info.plist;
				LD_RUNPATH_SEARCH_PATHS = "$(inherited) @executable_path/Frameworks";
				PRODUCT_BUNDLE_IDENTIFIER = solutions.abstract.stackViews;
				PRODUCT_NAME = "$(TARGET_NAME)";
			};
			name = Release;
		};
/* End XCBuildConfiguration section */

/* Begin XCConfigurationList section */
		E87089381C4C3E590051D868 /* Build configuration list for PBXProject "stackViews" */ = {
			isa = XCConfigurationList;
			buildConfigurations = (
				E870894D1C4C3E590051D868 /* Debug */,
				E870894E1C4C3E590051D868 /* Release */,
			);
			defaultConfigurationIsVisible = 0;
			defaultConfigurationName = Release;
		};
		E870894F1C4C3E590051D868 /* Build configuration list for PBXNativeTarget "stackViews" */ = {
			isa = XCConfigurationList;
			buildConfigurations = (
				E87089501C4C3E590051D868 /* Debug */,
				E87089511C4C3E590051D868 /* Release */,
			);
			defaultConfigurationIsVisible = 0;
		};
/* End XCConfigurationList section */
	};
	rootObject = E87089351C4C3E590051D868 /* Project object */;
}
